// !$*UTF8*$!
{
	archiveVersion = 1;
	classes = {
	};
	objectVersion = 48;
	objects = {

/* Begin PBXBuildFile section */
		4A081F93206A82420097579F /* FileStorageTest.swift in Sources */ = {isa = PBXBuildFile; fileRef = 4A081F92206A82420097579F /* FileStorageTest.swift */; };
		4A0AC85F205BFA9900806B62 /* Analytics.swift in Sources */ = {isa = PBXBuildFile; fileRef = 4A0AC85E205BFA9900806B62 /* Analytics.swift */; };
		4A2CC8DB207E9D53003A2B3C /* EventsDAO.swift in Sources */ = {isa = PBXBuildFile; fileRef = 4A2CC8DA207E9D53003A2B3C /* EventsDAO.swift */; };
		4A2CC8DD207EA1DC003A2B3C /* UserDAO.swift in Sources */ = {isa = PBXBuildFile; fileRef = 4A2CC8DC207EA1DC003A2B3C /* UserDAO.swift */; };
		4A3359DB2056B99000BAB411 /* AnalyticsClientTest.swift in Sources */ = {isa = PBXBuildFile; fileRef = 4A3359DA2056B99000BAB411 /* AnalyticsClientTest.swift */; };
		4A3359DD2056B99000BAB411 /* libliferay-analytics.a in Frameworks */ = {isa = PBXBuildFile; fileRef = 4A9AFF2320502E4800DC7258 /* libliferay-analytics.a */; };
		4A33A73320517D710022628B /* Event.swift in Sources */ = {isa = PBXBuildFile; fileRef = 4A33A73220517D710022628B /* Event.swift */; };
		4A35DD0C208118490088395E /* FlushProcess.swift in Sources */ = {isa = PBXBuildFile; fileRef = 4A35DD0B208118490088395E /* FlushProcess.swift */; };
		4A42D1AE20659C7300B1E1FA /* FileStorage.swift in Sources */ = {isa = PBXBuildFile; fileRef = 4A42D1AD20659C7300B1E1FA /* FileStorage.swift */; };
		4A5056C3208F7C5600292B0D /* EventsDAOTest.swift in Sources */ = {isa = PBXBuildFile; fileRef = 4A5056C2208F7C5600292B0D /* EventsDAOTest.swift */; };
		4A5CFB652073C143006C4395 /* AnalyticsError.swift in Sources */ = {isa = PBXBuildFile; fileRef = 4A5CFB642073C143006C4395 /* AnalyticsError.swift */; };
		4A618C84206922D700A1E095 /* FileStorageError.swift in Sources */ = {isa = PBXBuildFile; fileRef = 4A618C83206922D700A1E095 /* FileStorageError.swift */; };
		4A82A1A320A9C27500057DCE /* Identity.swift in Sources */ = {isa = PBXBuildFile; fileRef = 4A82A1A220A9C27500057DCE /* Identity.swift */; };
		4A95E70A205316B700F25FC7 /* AnalyticsClient.swift in Sources */ = {isa = PBXBuildFile; fileRef = 4A95E709205316B700F25FC7 /* AnalyticsClient.swift */; };
		4A95E70D205327CC00F25FC7 /* URLSession.swift in Sources */ = {isa = PBXBuildFile; fileRef = 4A95E70C205327CC00F25FC7 /* URLSession.swift */; };
		4AC3079E2093A33B00730D65 /* UserDAOTest.swift in Sources */ = {isa = PBXBuildFile; fileRef = 4AC3079D2093A33B00730D65 /* UserDAOTest.swift */; };
		4AC307A12093B63A00730D65 /* AnalyticsTest.swift in Sources */ = {isa = PBXBuildFile; fileRef = 4AC307A02093B63A00730D65 /* AnalyticsTest.swift */; };
		4AC6339B205806FD005BBE45 /* IdentityContext.swift in Sources */ = {isa = PBXBuildFile; fileRef = 4AC6339A205806FD005BBE45 /* IdentityContext.swift */; };
		4AC6339D20581423005BBE45 /* IdentityClient.swift in Sources */ = {isa = PBXBuildFile; fileRef = 4AC6339C20581423005BBE45 /* IdentityClient.swift */; };
		4AC6339F20581854005BBE45 /* IdentityClientTest.swift in Sources */ = {isa = PBXBuildFile; fileRef = 4AC6339E20581854005BBE45 /* IdentityClientTest.swift */; };
		4AF876E92061722800B8BBE1 /* HttpError.swift in Sources */ = {isa = PBXBuildFile; fileRef = 4AF876E82061722800B8BBE1 /* HttpError.swift */; };
		4AFDDF4E2099EE75007C4361 /* FlushProcessTest.swift in Sources */ = {isa = PBXBuildFile; fileRef = 4AFDDF4D2099EE75007C4361 /* FlushProcessTest.swift */; };
		4F953AD40A47A199ED227E1A /* Pods_liferay_analytics_Tests.framework in Frameworks */ = {isa = PBXBuildFile; fileRef = A439D8615016FF24A7EAA592 /* Pods_liferay_analytics_Tests.framework */; };
		B25D02FA220C712F002D281D /* AnalyticsEvents.swift in Sources */ = {isa = PBXBuildFile; fileRef = 4A33A72F205179D80022628B /* AnalyticsEvents.swift */; };
		B25D02FC220C9BFF002D281D /* Date.swift in Sources */ = {isa = PBXBuildFile; fileRef = B25D02FB220C9BFF002D281D /* Date.swift */; };
		B28D3FF822131713006BA46A /* AnalyticsContext.swift in Sources */ = {isa = PBXBuildFile; fileRef = B28D3FF722131713006BA46A /* AnalyticsContext.swift */; };
		EE5746AEB4218285EBFB9314 /* Pods_liferay_analytics.framework in Frameworks */ = {isa = PBXBuildFile; fileRef = 55A7AFBF434B735A098BF73E /* Pods_liferay_analytics.framework */; };
/* End PBXBuildFile section */

/* Begin PBXContainerItemProxy section */
		4A3359DE2056B99000BAB411 /* PBXContainerItemProxy */ = {
			isa = PBXContainerItemProxy;
			containerPortal = 4A9AFF1B20502E4800DC7258 /* Project object */;
			proxyType = 1;
			remoteGlobalIDString = 4A9AFF2220502E4800DC7258;
			remoteInfo = "com-liferay-analytics-client";
		};
/* End PBXContainerItemProxy section */

/* Begin PBXCopyFilesBuildPhase section */
		4A9AFF2120502E4800DC7258 /* CopyFiles */ = {
			isa = PBXCopyFilesBuildPhase;
			buildActionMask = 2147483647;
			dstPath = "include/$(PRODUCT_NAME)";
			dstSubfolderSpec = 16;
			files = (
			);
			runOnlyForDeploymentPostprocessing = 0;
		};
/* End PBXCopyFilesBuildPhase section */

/* Begin PBXFileReference section */
		212F0134FB6F2582A602DB21 /* Pods-liferay-analytics-Tests.debug.xcconfig */ = {isa = PBXFileReference; includeInIndex = 1; lastKnownFileType = text.xcconfig; name = "Pods-liferay-analytics-Tests.debug.xcconfig"; path = "Pods/Target Support Files/Pods-liferay-analytics-Tests/Pods-liferay-analytics-Tests.debug.xcconfig"; sourceTree = "<group>"; };
		4268301AD4D98EC6C89F28DD /* Pods-liferay-analytics.debug.xcconfig */ = {isa = PBXFileReference; includeInIndex = 1; lastKnownFileType = text.xcconfig; name = "Pods-liferay-analytics.debug.xcconfig"; path = "Pods/Target Support Files/Pods-liferay-analytics/Pods-liferay-analytics.debug.xcconfig"; sourceTree = "<group>"; };
		4A081F92206A82420097579F /* FileStorageTest.swift */ = {isa = PBXFileReference; lastKnownFileType = sourcecode.swift; path = FileStorageTest.swift; sourceTree = "<group>"; };
		4A0AC85E205BFA9900806B62 /* Analytics.swift */ = {isa = PBXFileReference; lastKnownFileType = sourcecode.swift; path = Analytics.swift; sourceTree = "<group>"; };
		4A2CC8DA207E9D53003A2B3C /* EventsDAO.swift */ = {isa = PBXFileReference; lastKnownFileType = sourcecode.swift; path = EventsDAO.swift; sourceTree = "<group>"; };
		4A2CC8DC207EA1DC003A2B3C /* UserDAO.swift */ = {isa = PBXFileReference; lastKnownFileType = sourcecode.swift; path = UserDAO.swift; sourceTree = "<group>"; };
		4A3359D82056B99000BAB411 /* Tests.xctest */ = {isa = PBXFileReference; explicitFileType = wrapper.cfbundle; includeInIndex = 0; path = Tests.xctest; sourceTree = BUILT_PRODUCTS_DIR; };
		4A3359DA2056B99000BAB411 /* AnalyticsClientTest.swift */ = {isa = PBXFileReference; lastKnownFileType = sourcecode.swift; path = AnalyticsClientTest.swift; sourceTree = "<group>"; };
		4A33A72F205179D80022628B /* AnalyticsEvents.swift */ = {isa = PBXFileReference; lastKnownFileType = sourcecode.swift; path = AnalyticsEvents.swift; sourceTree = "<group>"; };
		4A33A73220517D710022628B /* Event.swift */ = {isa = PBXFileReference; lastKnownFileType = sourcecode.swift; path = Event.swift; sourceTree = "<group>"; };
		4A35DD0B208118490088395E /* FlushProcess.swift */ = {isa = PBXFileReference; lastKnownFileType = sourcecode.swift; path = FlushProcess.swift; sourceTree = "<group>"; };
		4A42D1AD20659C7300B1E1FA /* FileStorage.swift */ = {isa = PBXFileReference; lastKnownFileType = sourcecode.swift; path = FileStorage.swift; sourceTree = "<group>"; };
		4A5056C2208F7C5600292B0D /* EventsDAOTest.swift */ = {isa = PBXFileReference; lastKnownFileType = sourcecode.swift; path = EventsDAOTest.swift; sourceTree = "<group>"; };
		4A5CFB642073C143006C4395 /* AnalyticsError.swift */ = {isa = PBXFileReference; lastKnownFileType = sourcecode.swift; path = AnalyticsError.swift; sourceTree = "<group>"; };
		4A618C83206922D700A1E095 /* FileStorageError.swift */ = {isa = PBXFileReference; lastKnownFileType = sourcecode.swift; path = FileStorageError.swift; sourceTree = "<group>"; };
		4A82A1A220A9C27500057DCE /* Identity.swift */ = {isa = PBXFileReference; lastKnownFileType = sourcecode.swift; path = Identity.swift; sourceTree = "<group>"; };
		4A95E709205316B700F25FC7 /* AnalyticsClient.swift */ = {isa = PBXFileReference; lastKnownFileType = sourcecode.swift; path = AnalyticsClient.swift; sourceTree = "<group>"; };
		4A95E70C205327CC00F25FC7 /* URLSession.swift */ = {isa = PBXFileReference; lastKnownFileType = sourcecode.swift; path = URLSession.swift; sourceTree = "<group>"; };
		4A9AFF2320502E4800DC7258 /* libliferay-analytics.a */ = {isa = PBXFileReference; explicitFileType = archive.ar; includeInIndex = 0; path = "libliferay-analytics.a"; sourceTree = BUILT_PRODUCTS_DIR; };
		4AC3079D2093A33B00730D65 /* UserDAOTest.swift */ = {isa = PBXFileReference; lastKnownFileType = sourcecode.swift; path = UserDAOTest.swift; sourceTree = "<group>"; };
		4AC307A02093B63A00730D65 /* AnalyticsTest.swift */ = {isa = PBXFileReference; lastKnownFileType = sourcecode.swift; path = AnalyticsTest.swift; sourceTree = "<group>"; };
		4AC6339A205806FD005BBE45 /* IdentityContext.swift */ = {isa = PBXFileReference; lastKnownFileType = sourcecode.swift; path = IdentityContext.swift; sourceTree = "<group>"; };
		4AC6339C20581423005BBE45 /* IdentityClient.swift */ = {isa = PBXFileReference; lastKnownFileType = sourcecode.swift; path = IdentityClient.swift; sourceTree = "<group>"; };
		4AC6339E20581854005BBE45 /* IdentityClientTest.swift */ = {isa = PBXFileReference; lastKnownFileType = sourcecode.swift; path = IdentityClientTest.swift; sourceTree = "<group>"; };
		4AC828512052BD2700FE5DF4 /* com-liferay-analytics-client-Bridging-Header.h */ = {isa = PBXFileReference; lastKnownFileType = sourcecode.c.h; path = "com-liferay-analytics-client-Bridging-Header.h"; sourceTree = "<group>"; };
		4AF876E82061722800B8BBE1 /* HttpError.swift */ = {isa = PBXFileReference; lastKnownFileType = sourcecode.swift; path = HttpError.swift; sourceTree = "<group>"; };
		4AFDDF4D2099EE75007C4361 /* FlushProcessTest.swift */ = {isa = PBXFileReference; lastKnownFileType = sourcecode.swift; path = FlushProcessTest.swift; sourceTree = "<group>"; };
		55A7AFBF434B735A098BF73E /* Pods_liferay_analytics.framework */ = {isa = PBXFileReference; explicitFileType = wrapper.framework; includeInIndex = 0; path = Pods_liferay_analytics.framework; sourceTree = BUILT_PRODUCTS_DIR; };
		A439D8615016FF24A7EAA592 /* Pods_liferay_analytics_Tests.framework */ = {isa = PBXFileReference; explicitFileType = wrapper.framework; includeInIndex = 0; path = Pods_liferay_analytics_Tests.framework; sourceTree = BUILT_PRODUCTS_DIR; };
		B21E28032209EE1F004048DD /* Info.plist */ = {isa = PBXFileReference; lastKnownFileType = text.plist.xml; path = Info.plist; sourceTree = "<group>"; };
		B25D02FB220C9BFF002D281D /* Date.swift */ = {isa = PBXFileReference; lastKnownFileType = sourcecode.swift; path = Date.swift; sourceTree = "<group>"; };
		B28D3FF722131713006BA46A /* AnalyticsContext.swift */ = {isa = PBXFileReference; lastKnownFileType = sourcecode.swift; path = AnalyticsContext.swift; sourceTree = "<group>"; };
		C41AAEAA92A620B52C495371 /* Pods-liferay-analytics.release.xcconfig */ = {isa = PBXFileReference; includeInIndex = 1; lastKnownFileType = text.xcconfig; name = "Pods-liferay-analytics.release.xcconfig"; path = "Pods/Target Support Files/Pods-liferay-analytics/Pods-liferay-analytics.release.xcconfig"; sourceTree = "<group>"; };
		FB87EAC3C7F6B66F43938ECB /* Pods-liferay-analytics-Tests.release.xcconfig */ = {isa = PBXFileReference; includeInIndex = 1; lastKnownFileType = text.xcconfig; name = "Pods-liferay-analytics-Tests.release.xcconfig"; path = "Pods/Target Support Files/Pods-liferay-analytics-Tests/Pods-liferay-analytics-Tests.release.xcconfig"; sourceTree = "<group>"; };
/* End PBXFileReference section */

/* Begin PBXFrameworksBuildPhase section */
		4A3359D52056B99000BAB411 /* Frameworks */ = {
			isa = PBXFrameworksBuildPhase;
			buildActionMask = 2147483647;
			files = (
				4A3359DD2056B99000BAB411 /* libliferay-analytics.a in Frameworks */,
				4F953AD40A47A199ED227E1A /* Pods_liferay_analytics_Tests.framework in Frameworks */,
			);
			runOnlyForDeploymentPostprocessing = 0;
		};
		4A9AFF2020502E4800DC7258 /* Frameworks */ = {
			isa = PBXFrameworksBuildPhase;
			buildActionMask = 2147483647;
			files = (
				EE5746AEB4218285EBFB9314 /* Pods_liferay_analytics.framework in Frameworks */,
			);
			runOnlyForDeploymentPostprocessing = 0;
		};
/* End PBXFrameworksBuildPhase section */

/* Begin PBXGroup section */
		3F951CD831A763D1EA6F648D /* Pods */ = {
			isa = PBXGroup;
			children = (
				4268301AD4D98EC6C89F28DD /* Pods-liferay-analytics.debug.xcconfig */,
				C41AAEAA92A620B52C495371 /* Pods-liferay-analytics.release.xcconfig */,
				212F0134FB6F2582A602DB21 /* Pods-liferay-analytics-Tests.debug.xcconfig */,
				FB87EAC3C7F6B66F43938ECB /* Pods-liferay-analytics-Tests.release.xcconfig */,
			);
			name = Pods;
			sourceTree = "<group>";
		};
		4A081F91206A821F0097579F /* Util */ = {
			isa = PBXGroup;
			children = (
				4A081F92206A82420097579F /* FileStorageTest.swift */,
				4AFDDF4D2099EE75007C4361 /* FlushProcessTest.swift */,
			);
			path = Util;
			sourceTree = "<group>";
		};
		4A2CC8D9207E9D31003A2B3C /* DAO */ = {
			isa = PBXGroup;
			children = (
				4A2CC8DA207E9D53003A2B3C /* EventsDAO.swift */,
				4A2CC8DC207EA1DC003A2B3C /* UserDAO.swift */,
			);
			path = DAO;
			sourceTree = "<group>";
		};
		4A3359D92056B99000BAB411 /* Tests */ = {
			isa = PBXGroup;
			children = (
				B21E28022209EE11004048DD /* Resources */,
				4AC3079F2093B62900730D65 /* Api */,
				4A5056C1208F7C4700292B0D /* DAO */,
				4AC633A020581866005BBE45 /* Impl */,
				4A081F91206A821F0097579F /* Util */,
			);
			path = Tests;
			sourceTree = "<group>";
		};
		4A33A72D205179A30022628B /* Model */ = {
			isa = PBXGroup;
			children = (
				4A33A72F205179D80022628B /* AnalyticsEvents.swift */,
				4A33A73220517D710022628B /* Event.swift */,
				4AC6339A205806FD005BBE45 /* IdentityContext.swift */,
				4A82A1A220A9C27500057DCE /* Identity.swift */,
				B28D3FF722131713006BA46A /* AnalyticsContext.swift */,
			);
			path = Model;
			sourceTree = "<group>";
		};
		4A33A73120517A030022628B /* Resources */ = {
			isa = PBXGroup;
			children = (
				4AC828512052BD2700FE5DF4 /* com-liferay-analytics-client-Bridging-Header.h */,
			);
			path = Resources;
			sourceTree = "<group>";
		};
		4A5056C1208F7C4700292B0D /* DAO */ = {
			isa = PBXGroup;
			children = (
				4A5056C2208F7C5600292B0D /* EventsDAOTest.swift */,
				4AC3079D2093A33B00730D65 /* UserDAOTest.swift */,
			);
			path = DAO;
			sourceTree = "<group>";
		};
		4A95E7022053159B00F25FC7 /* Api */ = {
			isa = PBXGroup;
			children = (
				4A0AC85E205BFA9900806B62 /* Analytics.swift */,
				4A95E704205315B200F25FC7 /* Impl */,
			);
			path = Api;
			sourceTree = "<group>";
		};
		4A95E704205315B200F25FC7 /* Impl */ = {
			isa = PBXGroup;
			children = (
				4A95E709205316B700F25FC7 /* AnalyticsClient.swift */,
				4AC6339C20581423005BBE45 /* IdentityClient.swift */,
			);
			path = Impl;
			sourceTree = "<group>";
		};
		4A95E70B205327AC00F25FC7 /* Extensions */ = {
			isa = PBXGroup;
			children = (
				4A95E70C205327CC00F25FC7 /* URLSession.swift */,
				B25D02FB220C9BFF002D281D /* Date.swift */,
			);
			path = Extensions;
			sourceTree = "<group>";
		};
		4A9AFF1A20502E4800DC7258 = {
			isa = PBXGroup;
			children = (
				4AAEA248205AEED500C04AD7 /* Source */,
				4A3359D92056B99000BAB411 /* Tests */,
				4A9AFF2420502E4800DC7258 /* Products */,
				A76C75479C767F6BC74DB8D5 /* Frameworks */,
				3F951CD831A763D1EA6F648D /* Pods */,
			);
			sourceTree = "<group>";
		};
		4A9AFF2420502E4800DC7258 /* Products */ = {
			isa = PBXGroup;
			children = (
				4A9AFF2320502E4800DC7258 /* libliferay-analytics.a */,
				4A3359D82056B99000BAB411 /* Tests.xctest */,
			);
			name = Products;
			sourceTree = "<group>";
		};
		4AAEA248205AEED500C04AD7 /* Source */ = {
			isa = PBXGroup;
			children = (
				4A95E7022053159B00F25FC7 /* Api */,
				4A2CC8D9207E9D31003A2B3C /* DAO */,
				4A95E70B205327AC00F25FC7 /* Extensions */,
				4A33A72D205179A30022628B /* Model */,
				4A33A73120517A030022628B /* Resources */,
				4AF876E72061721400B8BBE1 /* Util */,
			);
			path = Source;
			sourceTree = "<group>";
		};
		4AC3079F2093B62900730D65 /* Api */ = {
			isa = PBXGroup;
			children = (
				4AC307A02093B63A00730D65 /* AnalyticsTest.swift */,
			);
			path = Api;
			sourceTree = "<group>";
		};
		4AC633A020581866005BBE45 /* Impl */ = {
			isa = PBXGroup;
			children = (
				4A3359DA2056B99000BAB411 /* AnalyticsClientTest.swift */,
				4AC6339E20581854005BBE45 /* IdentityClientTest.swift */,
			);
			path = Impl;
			sourceTree = "<group>";
		};
		4AF876E72061721400B8BBE1 /* Util */ = {
			isa = PBXGroup;
			children = (
				4AF876EA2061724A00B8BBE1 /* Errors */,
				4A42D1AD20659C7300B1E1FA /* FileStorage.swift */,
				4A35DD0B208118490088395E /* FlushProcess.swift */,
			);
			path = Util;
			sourceTree = "<group>";
		};
		4AF876EA2061724A00B8BBE1 /* Errors */ = {
			isa = PBXGroup;
			children = (
				4A5CFB642073C143006C4395 /* AnalyticsError.swift */,
				4A618C83206922D700A1E095 /* FileStorageError.swift */,
				4AF876E82061722800B8BBE1 /* HttpError.swift */,
			);
			path = Errors;
			sourceTree = "<group>";
		};
		A76C75479C767F6BC74DB8D5 /* Frameworks */ = {
			isa = PBXGroup;
			children = (
				55A7AFBF434B735A098BF73E /* Pods_liferay_analytics.framework */,
				A439D8615016FF24A7EAA592 /* Pods_liferay_analytics_Tests.framework */,
			);
			name = Frameworks;
			sourceTree = "<group>";
		};
		B21E28022209EE11004048DD /* Resources */ = {
			isa = PBXGroup;
			children = (
				B21E28032209EE1F004048DD /* Info.plist */,
			);
			path = Resources;
			sourceTree = "<group>";
		};
/* End PBXGroup section */

/* Begin PBXNativeTarget section */
		4A3359D72056B99000BAB411 /* Tests */ = {
			isa = PBXNativeTarget;
			buildConfigurationList = 4A3359E22056B99000BAB411 /* Build configuration list for PBXNativeTarget "Tests" */;
			buildPhases = (
				88970F4EDCA6FFB34CC3E4F7 /* [CP] Check Pods Manifest.lock */,
				4A3359D42056B99000BAB411 /* Sources */,
				4A3359D52056B99000BAB411 /* Frameworks */,
				4A3359D62056B99000BAB411 /* Resources */,
				0AAC184F990D0CBCE0976C96 /* [CP] Embed Pods Frameworks */,
			);
			buildRules = (
			);
			dependencies = (
				4A3359DF2056B99000BAB411 /* PBXTargetDependency */,
			);
			name = Tests;
			productName = Tests;
			productReference = 4A3359D82056B99000BAB411 /* Tests.xctest */;
			productType = "com.apple.product-type.bundle.unit-test";
		};
		4A9AFF2220502E4800DC7258 /* liferay-analytics */ = {
			isa = PBXNativeTarget;
			buildConfigurationList = 4A9AFF2C20502E4800DC7258 /* Build configuration list for PBXNativeTarget "liferay-analytics" */;
			buildPhases = (
				2C9CC66D8D4F99CA994ACEBC /* [CP] Check Pods Manifest.lock */,
				4A9AFF1F20502E4800DC7258 /* Sources */,
				4A9AFF2020502E4800DC7258 /* Frameworks */,
				4A9AFF2120502E4800DC7258 /* CopyFiles */,
			);
			buildRules = (
			);
			dependencies = (
			);
			name = "liferay-analytics";
			productName = "com-liferay-analytics-client";
			productReference = 4A9AFF2320502E4800DC7258 /* libliferay-analytics.a */;
			productType = "com.apple.product-type.library.static";
		};
/* End PBXNativeTarget section */

/* Begin PBXProject section */
		4A9AFF1B20502E4800DC7258 /* Project object */ = {
			isa = PBXProject;
			attributes = {
				LastSwiftUpdateCheck = 0920;
				LastUpgradeCheck = 0930;
				ORGANIZATIONNAME = "Allan Melo";
				TargetAttributes = {
					4A3359D72056B99000BAB411 = {
						CreatedOnToolsVersion = 9.2;
						LastSwiftMigration = 1010;
						ProvisioningStyle = Automatic;
					};
					4A9AFF2220502E4800DC7258 = {
						CreatedOnToolsVersion = 9.2;
						LastSwiftMigration = 0920;
						ProvisioningStyle = Automatic;
					};
				};
			};
			buildConfigurationList = 4A9AFF1E20502E4800DC7258 /* Build configuration list for PBXProject "liferay-analytics" */;
			compatibilityVersion = "Xcode 8.0";
			developmentRegion = en;
			hasScannedForEncodings = 0;
			knownRegions = (
				en,
			);
			mainGroup = 4A9AFF1A20502E4800DC7258;
			productRefGroup = 4A9AFF2420502E4800DC7258 /* Products */;
			projectDirPath = "";
			projectRoot = "";
			targets = (
				4A9AFF2220502E4800DC7258 /* liferay-analytics */,
				4A3359D72056B99000BAB411 /* Tests */,
			);
		};
/* End PBXProject section */

/* Begin PBXResourcesBuildPhase section */
		4A3359D62056B99000BAB411 /* Resources */ = {
			isa = PBXResourcesBuildPhase;
			buildActionMask = 2147483647;
			files = (
			);
			runOnlyForDeploymentPostprocessing = 0;
		};
/* End PBXResourcesBuildPhase section */

/* Begin PBXShellScriptBuildPhase section */
		0AAC184F990D0CBCE0976C96 /* [CP] Embed Pods Frameworks */ = {
			isa = PBXShellScriptBuildPhase;
			buildActionMask = 2147483647;
			files = (
			);
			inputFileListPaths = (
			);
			inputPaths = (
				"${SRCROOT}/Pods/Target Support Files/Pods-liferay-analytics-Tests/Pods-liferay-analytics-Tests-frameworks.sh",
				"${BUILT_PRODUCTS_DIR}/Mockingjay/Mockingjay.framework",
				"${BUILT_PRODUCTS_DIR}/URITemplate/URITemplate.framework",
			);
			name = "[CP] Embed Pods Frameworks";
			outputFileListPaths = (
			);
			outputPaths = (
				"${TARGET_BUILD_DIR}/${FRAMEWORKS_FOLDER_PATH}/Mockingjay.framework",
				"${TARGET_BUILD_DIR}/${FRAMEWORKS_FOLDER_PATH}/URITemplate.framework",
			);
			runOnlyForDeploymentPostprocessing = 0;
			shellPath = /bin/sh;
			shellScript = "\"${SRCROOT}/Pods/Target Support Files/Pods-liferay-analytics-Tests/Pods-liferay-analytics-Tests-frameworks.sh\"\n";
			showEnvVarsInLog = 0;
		};
		2C9CC66D8D4F99CA994ACEBC /* [CP] Check Pods Manifest.lock */ = {
			isa = PBXShellScriptBuildPhase;
			buildActionMask = 2147483647;
			files = (
			);
			inputFileListPaths = (
			);
			inputPaths = (
				"${PODS_PODFILE_DIR_PATH}/Podfile.lock",
				"${PODS_ROOT}/Manifest.lock",
			);
			name = "[CP] Check Pods Manifest.lock";
			outputFileListPaths = (
			);
			outputPaths = (
				"$(DERIVED_FILE_DIR)/Pods-liferay-analytics-checkManifestLockResult.txt",
			);
			runOnlyForDeploymentPostprocessing = 0;
			shellPath = /bin/sh;
			shellScript = "diff \"${PODS_PODFILE_DIR_PATH}/Podfile.lock\" \"${PODS_ROOT}/Manifest.lock\" > /dev/null\nif [ $? != 0 ] ; then\n    # print error to STDERR\n    echo \"error: The sandbox is not in sync with the Podfile.lock. Run 'pod install' or update your CocoaPods installation.\" >&2\n    exit 1\nfi\n# This output is used by Xcode 'outputs' to avoid re-running this script phase.\necho \"SUCCESS\" > \"${SCRIPT_OUTPUT_FILE_0}\"\n";
			showEnvVarsInLog = 0;
		};
		88970F4EDCA6FFB34CC3E4F7 /* [CP] Check Pods Manifest.lock */ = {
			isa = PBXShellScriptBuildPhase;
			buildActionMask = 2147483647;
			files = (
			);
			inputFileListPaths = (
			);
			inputPaths = (
				"${PODS_PODFILE_DIR_PATH}/Podfile.lock",
				"${PODS_ROOT}/Manifest.lock",
			);
			name = "[CP] Check Pods Manifest.lock";
			outputFileListPaths = (
			);
			outputPaths = (
				"$(DERIVED_FILE_DIR)/Pods-liferay-analytics-Tests-checkManifestLockResult.txt",
			);
			runOnlyForDeploymentPostprocessing = 0;
			shellPath = /bin/sh;
			shellScript = "diff \"${PODS_PODFILE_DIR_PATH}/Podfile.lock\" \"${PODS_ROOT}/Manifest.lock\" > /dev/null\nif [ $? != 0 ] ; then\n    # print error to STDERR\n    echo \"error: The sandbox is not in sync with the Podfile.lock. Run 'pod install' or update your CocoaPods installation.\" >&2\n    exit 1\nfi\n# This output is used by Xcode 'outputs' to avoid re-running this script phase.\necho \"SUCCESS\" > \"${SCRIPT_OUTPUT_FILE_0}\"\n";
			showEnvVarsInLog = 0;
		};
/* End PBXShellScriptBuildPhase section */

/* Begin PBXSourcesBuildPhase section */
		4A3359D42056B99000BAB411 /* Sources */ = {
			isa = PBXSourcesBuildPhase;
			buildActionMask = 2147483647;
			files = (
				4AC3079E2093A33B00730D65 /* UserDAOTest.swift in Sources */,
				4AFDDF4E2099EE75007C4361 /* FlushProcessTest.swift in Sources */,
				4A081F93206A82420097579F /* FileStorageTest.swift in Sources */,
				4AC307A12093B63A00730D65 /* AnalyticsTest.swift in Sources */,
				4A5056C3208F7C5600292B0D /* EventsDAOTest.swift in Sources */,
				4AC6339F20581854005BBE45 /* IdentityClientTest.swift in Sources */,
				4A3359DB2056B99000BAB411 /* AnalyticsClientTest.swift in Sources */,
			);
			runOnlyForDeploymentPostprocessing = 0;
		};
		4A9AFF1F20502E4800DC7258 /* Sources */ = {
			isa = PBXSourcesBuildPhase;
			buildActionMask = 2147483647;
			files = (
				4AC6339B205806FD005BBE45 /* IdentityContext.swift in Sources */,
				4A2CC8DB207E9D53003A2B3C /* EventsDAO.swift in Sources */,
				4A618C84206922D700A1E095 /* FileStorageError.swift in Sources */,
				4A5CFB652073C143006C4395 /* AnalyticsError.swift in Sources */,
				4A82A1A320A9C27500057DCE /* Identity.swift in Sources */,
				4A33A73320517D710022628B /* Event.swift in Sources */,
				4A95E70A205316B700F25FC7 /* AnalyticsClient.swift in Sources */,
				4A95E70D205327CC00F25FC7 /* URLSession.swift in Sources */,
				4A42D1AE20659C7300B1E1FA /* FileStorage.swift in Sources */,
				B28D3FF822131713006BA46A /* AnalyticsContext.swift in Sources */,
				4A35DD0C208118490088395E /* FlushProcess.swift in Sources */,
				B25D02FC220C9BFF002D281D /* Date.swift in Sources */,
				4AF876E92061722800B8BBE1 /* HttpError.swift in Sources */,
				4AC6339D20581423005BBE45 /* IdentityClient.swift in Sources */,
				4A0AC85F205BFA9900806B62 /* Analytics.swift in Sources */,
				B25D02FA220C712F002D281D /* AnalyticsEvents.swift in Sources */,
				4A2CC8DD207EA1DC003A2B3C /* UserDAO.swift in Sources */,
			);
			runOnlyForDeploymentPostprocessing = 0;
		};
/* End PBXSourcesBuildPhase section */

/* Begin PBXTargetDependency section */
		4A3359DF2056B99000BAB411 /* PBXTargetDependency */ = {
			isa = PBXTargetDependency;
			target = 4A9AFF2220502E4800DC7258 /* liferay-analytics */;
			targetProxy = 4A3359DE2056B99000BAB411 /* PBXContainerItemProxy */;
		};
/* End PBXTargetDependency section */

/* Begin XCBuildConfiguration section */
		4A3359E02056B99000BAB411 /* Debug */ = {
			isa = XCBuildConfiguration;
			baseConfigurationReference = 212F0134FB6F2582A602DB21 /* Pods-liferay-analytics-Tests.debug.xcconfig */;
			buildSettings = {
				CODE_SIGN_STYLE = Automatic;
				DEVELOPMENT_TEAM = 7H3SPU5TB9;
				INFOPLIST_FILE = Tests/Resources/Info.plist;
				LD_RUNPATH_SEARCH_PATHS = "$(inherited) @executable_path/Frameworks @loader_path/Frameworks";
				PRODUCT_BUNDLE_IDENTIFIER = com.liferay.Tests;
				PRODUCT_NAME = "$(TARGET_NAME)";
				SWIFT_ACTIVE_COMPILATION_CONDITIONS = DEBUG;
				SWIFT_OPTIMIZATION_LEVEL = "-Onone";
				SWIFT_VERSION = 4.2;
				TARGETED_DEVICE_FAMILY = "1,2";
			};
			name = Debug;
		};
		4A3359E12056B99000BAB411 /* Release */ = {
			isa = XCBuildConfiguration;
			baseConfigurationReference = FB87EAC3C7F6B66F43938ECB /* Pods-liferay-analytics-Tests.release.xcconfig */;
			buildSettings = {
				CODE_SIGN_STYLE = Automatic;
				DEVELOPMENT_TEAM = 7H3SPU5TB9;
				INFOPLIST_FILE = Tests/Resources/Info.plist;
				LD_RUNPATH_SEARCH_PATHS = "$(inherited) @executable_path/Frameworks @loader_path/Frameworks";
				PRODUCT_BUNDLE_IDENTIFIER = com.liferay.Tests;
				PRODUCT_NAME = "$(TARGET_NAME)";
				SWIFT_OPTIMIZATION_LEVEL = "-Owholemodule";
				SWIFT_VERSION = 4.2;
				TARGETED_DEVICE_FAMILY = "1,2";
			};
			name = Release;
		};
		4A9AFF2A20502E4800DC7258 /* Debug */ = {
			isa = XCBuildConfiguration;
			buildSettings = {
				ALWAYS_SEARCH_USER_PATHS = NO;
				CLANG_ANALYZER_NONNULL = YES;
				CLANG_ANALYZER_NUMBER_OBJECT_CONVERSION = YES_AGGRESSIVE;
				CLANG_CXX_LANGUAGE_STANDARD = "gnu++14";
				CLANG_CXX_LIBRARY = "libc++";
				CLANG_ENABLE_MODULES = YES;
				CLANG_ENABLE_OBJC_ARC = YES;
				CLANG_WARN_BLOCK_CAPTURE_AUTORELEASING = YES;
				CLANG_WARN_BOOL_CONVERSION = YES;
				CLANG_WARN_COMMA = YES;
				CLANG_WARN_CONSTANT_CONVERSION = YES;
				CLANG_WARN_DEPRECATED_OBJC_IMPLEMENTATIONS = YES;
				CLANG_WARN_DIRECT_OBJC_ISA_USAGE = YES_ERROR;
				CLANG_WARN_DOCUMENTATION_COMMENTS = YES;
				CLANG_WARN_EMPTY_BODY = YES;
				CLANG_WARN_ENUM_CONVERSION = YES;
				CLANG_WARN_INFINITE_RECURSION = YES;
				CLANG_WARN_INT_CONVERSION = YES;
				CLANG_WARN_NON_LITERAL_NULL_CONVERSION = YES;
				CLANG_WARN_OBJC_IMPLICIT_RETAIN_SELF = YES;
				CLANG_WARN_OBJC_LITERAL_CONVERSION = YES;
				CLANG_WARN_OBJC_ROOT_CLASS = YES_ERROR;
				CLANG_WARN_RANGE_LOOP_ANALYSIS = YES;
				CLANG_WARN_STRICT_PROTOTYPES = YES;
				CLANG_WARN_SUSPICIOUS_MOVE = YES;
				CLANG_WARN_UNGUARDED_AVAILABILITY = YES_AGGRESSIVE;
				CLANG_WARN_UNREACHABLE_CODE = YES;
				CLANG_WARN__DUPLICATE_METHOD_MATCH = YES;
				CODE_SIGN_IDENTITY = "iPhone Developer";
				COPY_PHASE_STRIP = NO;
				DEBUG_INFORMATION_FORMAT = dwarf;
				ENABLE_STRICT_OBJC_MSGSEND = YES;
				ENABLE_TESTABILITY = YES;
				GCC_C_LANGUAGE_STANDARD = gnu11;
				GCC_DYNAMIC_NO_PIC = NO;
				GCC_NO_COMMON_BLOCKS = YES;
				GCC_OPTIMIZATION_LEVEL = 0;
				GCC_PREPROCESSOR_DEFINITIONS = (
					"DEBUG=1",
					"$(inherited)",
				);
				GCC_WARN_64_TO_32_BIT_CONVERSION = YES;
				GCC_WARN_ABOUT_RETURN_TYPE = YES_ERROR;
				GCC_WARN_UNDECLARED_SELECTOR = YES;
				GCC_WARN_UNINITIALIZED_AUTOS = YES_AGGRESSIVE;
				GCC_WARN_UNUSED_FUNCTION = YES;
				GCC_WARN_UNUSED_VARIABLE = YES;
				IPHONEOS_DEPLOYMENT_TARGET = 11.2;
				MTL_ENABLE_DEBUG_INFO = YES;
				ONLY_ACTIVE_ARCH = YES;
				SDKROOT = iphoneos;
			};
			name = Debug;
		};
		4A9AFF2B20502E4800DC7258 /* Release */ = {
			isa = XCBuildConfiguration;
			buildSettings = {
				ALWAYS_SEARCH_USER_PATHS = NO;
				CLANG_ANALYZER_NONNULL = YES;
				CLANG_ANALYZER_NUMBER_OBJECT_CONVERSION = YES_AGGRESSIVE;
				CLANG_CXX_LANGUAGE_STANDARD = "gnu++14";
				CLANG_CXX_LIBRARY = "libc++";
				CLANG_ENABLE_MODULES = YES;
				CLANG_ENABLE_OBJC_ARC = YES;
				CLANG_WARN_BLOCK_CAPTURE_AUTORELEASING = YES;
				CLANG_WARN_BOOL_CONVERSION = YES;
				CLANG_WARN_COMMA = YES;
				CLANG_WARN_CONSTANT_CONVERSION = YES;
				CLANG_WARN_DEPRECATED_OBJC_IMPLEMENTATIONS = YES;
				CLANG_WARN_DIRECT_OBJC_ISA_USAGE = YES_ERROR;
				CLANG_WARN_DOCUMENTATION_COMMENTS = YES;
				CLANG_WARN_EMPTY_BODY = YES;
				CLANG_WARN_ENUM_CONVERSION = YES;
				CLANG_WARN_INFINITE_RECURSION = YES;
				CLANG_WARN_INT_CONVERSION = YES;
				CLANG_WARN_NON_LITERAL_NULL_CONVERSION = YES;
				CLANG_WARN_OBJC_IMPLICIT_RETAIN_SELF = YES;
				CLANG_WARN_OBJC_LITERAL_CONVERSION = YES;
				CLANG_WARN_OBJC_ROOT_CLASS = YES_ERROR;
				CLANG_WARN_RANGE_LOOP_ANALYSIS = YES;
				CLANG_WARN_STRICT_PROTOTYPES = YES;
				CLANG_WARN_SUSPICIOUS_MOVE = YES;
				CLANG_WARN_UNGUARDED_AVAILABILITY = YES_AGGRESSIVE;
				CLANG_WARN_UNREACHABLE_CODE = YES;
				CLANG_WARN__DUPLICATE_METHOD_MATCH = YES;
				CODE_SIGN_IDENTITY = "iPhone Developer";
				COPY_PHASE_STRIP = NO;
				DEBUG_INFORMATION_FORMAT = "dwarf-with-dsym";
				ENABLE_NS_ASSERTIONS = NO;
				ENABLE_STRICT_OBJC_MSGSEND = YES;
				GCC_C_LANGUAGE_STANDARD = gnu11;
				GCC_NO_COMMON_BLOCKS = YES;
				GCC_WARN_64_TO_32_BIT_CONVERSION = YES;
				GCC_WARN_ABOUT_RETURN_TYPE = YES_ERROR;
				GCC_WARN_UNDECLARED_SELECTOR = YES;
				GCC_WARN_UNINITIALIZED_AUTOS = YES_AGGRESSIVE;
				GCC_WARN_UNUSED_FUNCTION = YES;
				GCC_WARN_UNUSED_VARIABLE = YES;
				IPHONEOS_DEPLOYMENT_TARGET = 11.2;
				MTL_ENABLE_DEBUG_INFO = NO;
				SDKROOT = iphoneos;
				SWIFT_COMPILATION_MODE = wholemodule;
				VALIDATE_PRODUCT = YES;
			};
			name = Release;
		};
		4A9AFF2D20502E4800DC7258 /* Debug */ = {
			isa = XCBuildConfiguration;
			baseConfigurationReference = 4268301AD4D98EC6C89F28DD /* Pods-liferay-analytics.debug.xcconfig */;
			buildSettings = {
				CLANG_ENABLE_MODULES = YES;
				CODE_SIGN_STYLE = Automatic;
				DEVELOPMENT_TEAM = 7H3SPU5TB9;
				INFOPLIST_FILE = Source/Resurces/Info.plist;
				LD_RUNPATH_SEARCH_PATHS = "$(inherited) @executable_path/Frameworks @loader_path/Frameworks";
				OTHER_LDFLAGS = "-ObjC";
				PRODUCT_NAME = "$(TARGET_NAME)";
				SKIP_INSTALL = YES;
				SWIFT_OBJC_BRIDGING_HEADER = "Source/Resources/com-liferay-analytics-client-Bridging-Header.h";
				SWIFT_OPTIMIZATION_LEVEL = "-Onone";
				SWIFT_VERSION = 4.2;
				TARGETED_DEVICE_FAMILY = "1,2";
			};
			name = Debug;
		};
		4A9AFF2E20502E4800DC7258 /* Release */ = {
			isa = XCBuildConfiguration;
			baseConfigurationReference = C41AAEAA92A620B52C495371 /* Pods-liferay-analytics.release.xcconfig */;
			buildSettings = {
				CLANG_ENABLE_MODULES = YES;
				CODE_SIGN_STYLE = Automatic;
				DEVELOPMENT_TEAM = 7H3SPU5TB9;
				INFOPLIST_FILE = Source/Resurces/Info.plist;
				LD_RUNPATH_SEARCH_PATHS = "$(inherited) @executable_path/Frameworks @loader_path/Frameworks";
				OTHER_LDFLAGS = "-ObjC";
				PRODUCT_NAME = "$(TARGET_NAME)";
				SKIP_INSTALL = YES;
				SWIFT_OBJC_BRIDGING_HEADER = "Source/Resources/com-liferay-analytics-client-Bridging-Header.h";
				SWIFT_VERSION = 4.2;
				TARGETED_DEVICE_FAMILY = "1,2";
			};
			name = Release;
		};
/* End XCBuildConfiguration section */

/* Begin XCConfigurationList section */
		4A3359E22056B99000BAB411 /* Build configuration list for PBXNativeTarget "Tests" */ = {
			isa = XCConfigurationList;
			buildConfigurations = (
				4A3359E02056B99000BAB411 /* Debug */,
				4A3359E12056B99000BAB411 /* Release */,
			);
			defaultConfigurationIsVisible = 0;
			defaultConfigurationName = Release;
		};
		4A9AFF1E20502E4800DC7258 /* Build configuration list for PBXProject "liferay-analytics" */ = {
			isa = XCConfigurationList;
			buildConfigurations = (
				4A9AFF2A20502E4800DC7258 /* Debug */,
				4A9AFF2B20502E4800DC7258 /* Release */,
			);
			defaultConfigurationIsVisible = 0;
			defaultConfigurationName = Release;
		};
		4A9AFF2C20502E4800DC7258 /* Build configuration list for PBXNativeTarget "liferay-analytics" */ = {
			isa = XCConfigurationList;
			buildConfigurations = (
				4A9AFF2D20502E4800DC7258 /* Debug */,
				4A9AFF2E20502E4800DC7258 /* Release */,
			);
			defaultConfigurationIsVisible = 0;
			defaultConfigurationName = Release;
		};
/* End XCConfigurationList section */
	};
	rootObject = 4A9AFF1B20502E4800DC7258 /* Project object */;
}
