PODS:
  - liferay-analytics-forms-ios (1.0.0):
    - liferay-analytics-ios (= 1.0.0)
    - "NSObject+Rx (= 4.3.0)"
    - RxBlocking (= 4.4.1)
    - RxCocoa (= 4.4.1)
    - RxSwift (= 4.4.1)
  - liferay-analytics-ios (1.0.0)
  - "NSObject+Rx (4.3.0)":
    - RxSwift (~> 4.0)
  - RxAtomic (4.4.1)
  - RxBlocking (4.4.1):
    - RxAtomic (~> 4.4)
    - RxSwift (~> 4.0)
  - RxCocoa (4.4.1):
    - RxSwift (~> 4.0)
  - RxSwift (4.4.1):
    - RxAtomic (~> 4.4)

DEPENDENCIES:
  - liferay-analytics-forms-ios (from `../Plugins/liferay-analytics-forms/`)
  - liferay-analytics-ios (from `../`)
  - "NSObject+Rx (= 4.3.0)"
  - RxCocoa (= 4.4.1)
  - RxSwift (= 4.4.1)

SPEC REPOS:
  https://github.com/cocoapods/specs.git:
    - "NSObject+Rx"
    - RxAtomic
    - RxBlocking
    - RxCocoa
    - RxSwift

EXTERNAL SOURCES:
  liferay-analytics-forms-ios:
    :path: "../Plugins/liferay-analytics-forms/"
  liferay-analytics-ios:
    :path: "../"

SPEC CHECKSUMS:
  liferay-analytics-forms-ios: 8c2fab05008a0cf5b7c1cb063db1c534e7af4cfb
  liferay-analytics-ios: bd73a03bdfe1dce19fb0bd13035e742947d4b87c
  "NSObject+Rx": 9a5eeff5e08156f849fa973514456f28eef08742
  RxAtomic: f8d6adc1ccb87a767811269e4875887bc74dbf19
  RxBlocking: 5508e90d36ca2304632dc9378ece4e9b5d4bf656
  RxCocoa: 2f35a76bf8887872e28a1914112395b11b8e0e64
  RxSwift: 92fcf68dfef21f3e2ab1965363d9e7b3d787597e

PODFILE CHECKSUM: 07166d8034f72902f6d4681bc5265cb26c214430

COCOAPODS: 1.5.3
