// !$*UTF8*$!
{
	archiveVersion = 1;
	classes = {
	};
	objectVersion = 48;
	objects = {

/* Begin PBXBuildFile section */
		4A3359DD2056B99000BAB411 /* libcom-liferay-analytics-client.a in Frameworks */ = {isa = PBXBuildFile; fileRef = 4A9AFF2320502E4800DC7258 /* libcom-liferay-analytics-client.a */; };
		4A3359E42058041100BAB411 /* IdentityClient.swift in Sources */ = {isa = PBXBuildFile; fileRef = 4A3359E32058041100BAB411 /* IdentityClient.swift */; };
		4A33A730205179D80022628B /* AnalyticsEventsMessage.swift in Sources */ = {isa = PBXBuildFile; fileRef = 4A33A72F205179D80022628B /* AnalyticsEventsMessage.swift */; };
		4A33A73320517D710022628B /* Event.swift in Sources */ = {isa = PBXBuildFile; fileRef = 4A33A73220517D710022628B /* Event.swift */; };
		4A95E706205315CB00F25FC7 /* AnalyticsClient.swift in Sources */ = {isa = PBXBuildFile; fileRef = 4A95E705205315CB00F25FC7 /* AnalyticsClient.swift */; };
		4A95E70A205316B700F25FC7 /* AnalyticsClientImpl.swift in Sources */ = {isa = PBXBuildFile; fileRef = 4A95E709205316B700F25FC7 /* AnalyticsClientImpl.swift */; };
		4A95E70D205327CC00F25FC7 /* URLSession.swift in Sources */ = {isa = PBXBuildFile; fileRef = 4A95E70C205327CC00F25FC7 /* URLSession.swift */; };
		4AC6339B205806FD005BBE45 /* IdentityContextMessage.swift in Sources */ = {isa = PBXBuildFile; fileRef = 4AC6339A205806FD005BBE45 /* IdentityContextMessage.swift */; };
		4AC633A120583877005BBE45 /* AnalyticsClientImpl.swift in Sources */ = {isa = PBXBuildFile; fileRef = 4A95E709205316B700F25FC7 /* AnalyticsClientImpl.swift */; };
		4AC633A3205838A2005BBE45 /* IdentityClient.swift in Sources */ = {isa = PBXBuildFile; fileRef = 4A3359E32058041100BAB411 /* IdentityClient.swift */; };
		4AC633A5205838A7005BBE45 /* AnalyticsEventsMessage.swift in Sources */ = {isa = PBXBuildFile; fileRef = 4A33A72F205179D80022628B /* AnalyticsEventsMessage.swift */; };
		4AC633A6205838AA005BBE45 /* URLSession.swift in Sources */ = {isa = PBXBuildFile; fileRef = 4A95E70C205327CC00F25FC7 /* URLSession.swift */; };
		4AC633A7205838AD005BBE45 /* Event.swift in Sources */ = {isa = PBXBuildFile; fileRef = 4A33A73220517D710022628B /* Event.swift */; };
		4AC633A8205838B0005BBE45 /* IdentityContextMessage.swift in Sources */ = {isa = PBXBuildFile; fileRef = 4AC6339A205806FD005BBE45 /* IdentityContextMessage.swift */; };
		7D148B5B0558BCCDF251A551 /* Pods_com_liferay_analytics_client.framework in Frameworks */ = {isa = PBXBuildFile; fileRef = D83E165A560BE8D8A2C9EEAB /* Pods_com_liferay_analytics_client.framework */; };
/* End PBXBuildFile section */

/* Begin PBXContainerItemProxy section */
		4A3359DE2056B99000BAB411 /* PBXContainerItemProxy */ = {
			isa = PBXContainerItemProxy;
			containerPortal = 4A9AFF1B20502E4800DC7258 /* Project object */;
			proxyType = 1;
			remoteGlobalIDString = 4A9AFF2220502E4800DC7258;
			remoteInfo = "com-liferay-analytics-client";
		};
/* End PBXContainerItemProxy section */

/* Begin PBXCopyFilesBuildPhase section */
		4A9AFF2120502E4800DC7258 /* CopyFiles */ = {
			isa = PBXCopyFilesBuildPhase;
			buildActionMask = 2147483647;
			dstPath = "include/$(PRODUCT_NAME)";
			dstSubfolderSpec = 16;
			files = (
			);
			runOnlyForDeploymentPostprocessing = 0;
		};
/* End PBXCopyFilesBuildPhase section */

/* Begin PBXFileReference section */
		4A3359D82056B99000BAB411 /* Tests.xctest */ = {isa = PBXFileReference; explicitFileType = wrapper.cfbundle; includeInIndex = 0; path = Tests.xctest; sourceTree = BUILT_PRODUCTS_DIR; };
		4A3359DC2056B99000BAB411 /* Info.plist */ = {isa = PBXFileReference; lastKnownFileType = text.plist.xml; path = Info.plist; sourceTree = "<group>"; };
		4A3359E32058041100BAB411 /* IdentityClient.swift */ = {isa = PBXFileReference; lastKnownFileType = sourcecode.swift; path = IdentityClient.swift; sourceTree = "<group>"; };
		4A33A72F205179D80022628B /* AnalyticsEventsMessage.swift */ = {isa = PBXFileReference; lastKnownFileType = sourcecode.swift; path = AnalyticsEventsMessage.swift; sourceTree = "<group>"; };
		4A33A73220517D710022628B /* Event.swift */ = {isa = PBXFileReference; lastKnownFileType = sourcecode.swift; path = Event.swift; sourceTree = "<group>"; };
		4A95E705205315CB00F25FC7 /* AnalyticsClient.swift */ = {isa = PBXFileReference; lastKnownFileType = sourcecode.swift; path = AnalyticsClient.swift; sourceTree = "<group>"; };
		4A95E709205316B700F25FC7 /* AnalyticsClientImpl.swift */ = {isa = PBXFileReference; lastKnownFileType = sourcecode.swift; path = AnalyticsClientImpl.swift; sourceTree = "<group>"; };
		4A95E70C205327CC00F25FC7 /* URLSession.swift */ = {isa = PBXFileReference; lastKnownFileType = sourcecode.swift; path = URLSession.swift; sourceTree = "<group>"; };
		4A9AFF2320502E4800DC7258 /* libcom-liferay-analytics-client.a */ = {isa = PBXFileReference; explicitFileType = archive.ar; includeInIndex = 0; path = "libcom-liferay-analytics-client.a"; sourceTree = BUILT_PRODUCTS_DIR; };
		4AC6339A205806FD005BBE45 /* IdentityContextMessage.swift */ = {isa = PBXFileReference; lastKnownFileType = sourcecode.swift; path = IdentityContextMessage.swift; sourceTree = "<group>"; };
		4AC828512052BD2700FE5DF4 /* com-liferay-analytics-client-Bridging-Header.h */ = {isa = PBXFileReference; lastKnownFileType = sourcecode.c.h; path = "com-liferay-analytics-client-Bridging-Header.h"; sourceTree = "<group>"; };
		9BB998709AFCA6CE66950979 /* Pods-com-liferay-analytics-client.debug.xcconfig */ = {isa = PBXFileReference; includeInIndex = 1; lastKnownFileType = text.xcconfig; name = "Pods-com-liferay-analytics-client.debug.xcconfig"; path = "Pods/Target Support Files/Pods-com-liferay-analytics-client/Pods-com-liferay-analytics-client.debug.xcconfig"; sourceTree = "<group>"; };
		D83E165A560BE8D8A2C9EEAB /* Pods_com_liferay_analytics_client.framework */ = {isa = PBXFileReference; explicitFileType = wrapper.framework; includeInIndex = 0; path = Pods_com_liferay_analytics_client.framework; sourceTree = BUILT_PRODUCTS_DIR; };
		EB7C34E845C5EA8B0E53EC67 /* Pods-com-liferay-analytics-client.release.xcconfig */ = {isa = PBXFileReference; includeInIndex = 1; lastKnownFileType = text.xcconfig; name = "Pods-com-liferay-analytics-client.release.xcconfig"; path = "Pods/Target Support Files/Pods-com-liferay-analytics-client/Pods-com-liferay-analytics-client.release.xcconfig"; sourceTree = "<group>"; };
/* End PBXFileReference section */

/* Begin PBXFrameworksBuildPhase section */
		4A3359D52056B99000BAB411 /* Frameworks */ = {
			isa = PBXFrameworksBuildPhase;
			buildActionMask = 2147483647;
			files = (
				4A3359DD2056B99000BAB411 /* libcom-liferay-analytics-client.a in Frameworks */,
			);
			runOnlyForDeploymentPostprocessing = 0;
		};
		4A9AFF2020502E4800DC7258 /* Frameworks */ = {
			isa = PBXFrameworksBuildPhase;
			buildActionMask = 2147483647;
			files = (
				7D148B5B0558BCCDF251A551 /* Pods_com_liferay_analytics_client.framework in Frameworks */,
			);
			runOnlyForDeploymentPostprocessing = 0;
		};
/* End PBXFrameworksBuildPhase section */

/* Begin PBXGroup section */
		4A3359D92056B99000BAB411 /* Tests */ = {
			isa = PBXGroup;
			children = (
				4AC633A020581866005BBE45 /* Impl */,
				4A3359DC2056B99000BAB411 /* Info.plist */,
			);
			path = Tests;
			sourceTree = "<group>";
		};
		4A33A72D205179A30022628B /* Model */ = {
			isa = PBXGroup;
			children = (
				4A33A72F205179D80022628B /* AnalyticsEventsMessage.swift */,
				4A33A73220517D710022628B /* Event.swift */,
				4AC6339A205806FD005BBE45 /* IdentityContextMessage.swift */,
			);
			path = Model;
			sourceTree = "<group>";
		};
		4A33A73120517A030022628B /* Support Files */ = {
			isa = PBXGroup;
			children = (
				4AC828512052BD2700FE5DF4 /* com-liferay-analytics-client-Bridging-Header.h */,
				4A33D73C2059917C002891D6 /* settings.plist */,
			);
			path = "Support Files";
			sourceTree = "<group>";
		};
		4A95E7022053159B00F25FC7 /* Api */ = {
			isa = PBXGroup;
			children = (
				4A95E703205315A300F25FC7 /* Interfaces */,
				4A95E704205315B200F25FC7 /* Impl */,
			);
			path = Api;
			sourceTree = "<group>";
		};
		4A95E703205315A300F25FC7 /* Interfaces */ = {
			isa = PBXGroup;
			children = (
				4A95E705205315CB00F25FC7 /* AnalyticsClient.swift */,
				4A3359E32058041100BAB411 /* IdentityClient.swift */,
			);
			path = Interfaces;
			sourceTree = "<group>";
		};
		4A95E704205315B200F25FC7 /* Impl */ = {
			isa = PBXGroup;
			children = (
				4A95E709205316B700F25FC7 /* AnalyticsClientImpl.swift */,
			);
			path = Impl;
			sourceTree = "<group>";
		};
		4A95E70B205327AC00F25FC7 /* Extensions */ = {
			isa = PBXGroup;
			children = (
				4A95E70C205327CC00F25FC7 /* URLSession.swift */,
			);
			path = Extensions;
			sourceTree = "<group>";
		};
		4A9AFF1A20502E4800DC7258 = {
			isa = PBXGroup;
			children = (
				4AAEA248205AEED500C04AD7 /* Source */,
				4A3359D92056B99000BAB411 /* Tests */,
				4A9AFF2420502E4800DC7258 /* Products */,
				4F1EA4AB2DA0BB551FFB7A49 /* Pods */,
				A76C75479C767F6BC74DB8D5 /* Frameworks */,
			);
			sourceTree = "<group>";
		};
		4A9AFF2420502E4800DC7258 /* Products */ = {
			isa = PBXGroup;
			children = (
				4A9AFF2320502E4800DC7258 /* libcom-liferay-analytics-client.a */,
				4A3359D82056B99000BAB411 /* Tests.xctest */,
			);
			name = Products;
			sourceTree = "<group>";
		};
		4AAEA248205AEED500C04AD7 /* Source */ = {
			isa = PBXGroup;
			children = (
				4A95E7022053159B00F25FC7 /* Api */,
				4A95E70B205327AC00F25FC7 /* Extensions */,
				4A33A72D205179A30022628B /* Model */,
				4A33A73120517A030022628B /* Support Files */,
			);
			path = Source;
			sourceTree = "<group>";
		};
		4F1EA4AB2DA0BB551FFB7A49 /* Pods */ = {
			isa = PBXGroup;
			children = (
				9BB998709AFCA6CE66950979 /* Pods-com-liferay-analytics-client.debug.xcconfig */,
				EB7C34E845C5EA8B0E53EC67 /* Pods-com-liferay-analytics-client.release.xcconfig */,
			);
			name = Pods;
			sourceTree = "<group>";
		};
		A76C75479C767F6BC74DB8D5 /* Frameworks */ = {
			isa = PBXGroup;
			children = (
				D83E165A560BE8D8A2C9EEAB /* Pods_com_liferay_analytics_client.framework */,
			);
			name = Frameworks;
			sourceTree = "<group>";
		};
/* End PBXGroup section */

/* Begin PBXNativeTarget section */
		4A3359D72056B99000BAB411 /* Tests */ = {
			isa = PBXNativeTarget;
			buildConfigurationList = 4A3359E22056B99000BAB411 /* Build configuration list for PBXNativeTarget "Tests" */;
			buildPhases = (
				4A3359D42056B99000BAB411 /* Sources */,
				4A3359D52056B99000BAB411 /* Frameworks */,
				4A3359D62056B99000BAB411 /* Resources */,
			);
			buildRules = (
			);
			dependencies = (
				4A3359DF2056B99000BAB411 /* PBXTargetDependency */,
			);
			name = Tests;
			productName = Tests;
			productReference = 4A3359D82056B99000BAB411 /* Tests.xctest */;
			productType = "com.apple.product-type.bundle.unit-test";
		};
		4A9AFF2220502E4800DC7258 /* com-liferay-analytics-client */ = {
			isa = PBXNativeTarget;
			buildConfigurationList = 4A9AFF2C20502E4800DC7258 /* Build configuration list for PBXNativeTarget "com-liferay-analytics-client" */;
			buildPhases = (
				74ACFDCA83776781B57D7235 /* [CP] Check Pods Manifest.lock */,
				4A9AFF1F20502E4800DC7258 /* Sources */,
				4A9AFF2020502E4800DC7258 /* Frameworks */,
				4A9AFF2120502E4800DC7258 /* CopyFiles */,
				31E945C974ED4304D363599F /* [CP] Copy Pods Resources */,
			);
			buildRules = (
			);
			dependencies = (
			);
			name = "com-liferay-analytics-client";
			productName = "com-liferay-analytics-client";
			productReference = 4A9AFF2320502E4800DC7258 /* libcom-liferay-analytics-client.a */;
			productType = "com.apple.product-type.library.static";
		};
/* End PBXNativeTarget section */

/* Begin PBXProject section */
		4A9AFF1B20502E4800DC7258 /* Project object */ = {
			isa = PBXProject;
			attributes = {
				LastSwiftUpdateCheck = 0920;
				LastUpgradeCheck = 0920;
				ORGANIZATIONNAME = "Allan Melo";
				TargetAttributes = {
					4A3359D72056B99000BAB411 = {
						CreatedOnToolsVersion = 9.2;
						ProvisioningStyle = Automatic;
					};
					4A9AFF2220502E4800DC7258 = {
						CreatedOnToolsVersion = 9.2;
						LastSwiftMigration = 0920;
						ProvisioningStyle = Automatic;
					};
				};
			};
			buildConfigurationList = 4A9AFF1E20502E4800DC7258 /* Build configuration list for PBXProject "com-liferay-analytics-client" */;
			compatibilityVersion = "Xcode 8.0";
			developmentRegion = en;
			hasScannedForEncodings = 0;
			knownRegions = (
				en,
			);
			mainGroup = 4A9AFF1A20502E4800DC7258;
			productRefGroup = 4A9AFF2420502E4800DC7258 /* Products */;
			projectDirPath = "";
			projectRoot = "";
			targets = (
				4A9AFF2220502E4800DC7258 /* com-liferay-analytics-client */,
				4A3359D72056B99000BAB411 /* Tests */,
			);
		};
/* End PBXProject section */

/* Begin PBXResourcesBuildPhase section */
		4A3359D62056B99000BAB411 /* Resources */ = {
			isa = PBXResourcesBuildPhase;
			buildActionMask = 2147483647;
			files = (
			);
			runOnlyForDeploymentPostprocessing = 0;
		};
/* End PBXResourcesBuildPhase section */

/* Begin PBXShellScriptBuildPhase section */
		31E945C974ED4304D363599F /* [CP] Copy Pods Resources */ = {
			isa = PBXShellScriptBuildPhase;
			buildActionMask = 2147483647;
			files = (
			);
			inputPaths = (
			);
			name = "[CP] Copy Pods Resources";
			outputPaths = (
			);
			runOnlyForDeploymentPostprocessing = 0;
			shellPath = /bin/sh;
			shellScript = "\"${SRCROOT}/Pods/Target Support Files/Pods-com-liferay-analytics-client/Pods-com-liferay-analytics-client-resources.sh\"\n";
			showEnvVarsInLog = 0;
		};
		74ACFDCA83776781B57D7235 /* [CP] Check Pods Manifest.lock */ = {
			isa = PBXShellScriptBuildPhase;
			buildActionMask = 2147483647;
			files = (
			);
			inputPaths = (
				"${PODS_PODFILE_DIR_PATH}/Podfile.lock",
				"${PODS_ROOT}/Manifest.lock",
			);
			name = "[CP] Check Pods Manifest.lock";
			outputPaths = (
				"$(DERIVED_FILE_DIR)/Pods-com-liferay-analytics-client-checkManifestLockResult.txt",
			);
			runOnlyForDeploymentPostprocessing = 0;
			shellPath = /bin/sh;
			shellScript = "diff \"${PODS_PODFILE_DIR_PATH}/Podfile.lock\" \"${PODS_ROOT}/Manifest.lock\" > /dev/null\nif [ $? != 0 ] ; then\n    # print error to STDERR\n    echo \"error: The sandbox is not in sync with the Podfile.lock. Run 'pod install' or update your CocoaPods installation.\" >&2\n    exit 1\nfi\n# This output is used by Xcode 'outputs' to avoid re-running this script phase.\necho \"SUCCESS\" > \"${SCRIPT_OUTPUT_FILE_0}\"\n";
			showEnvVarsInLog = 0;
		};
/* End PBXShellScriptBuildPhase section */

/* Begin PBXSourcesBuildPhase section */
		4A3359D42056B99000BAB411 /* Sources */ = {
			isa = PBXSourcesBuildPhase;
			buildActionMask = 2147483647;
			files = (
				4AC633A3205838A2005BBE45 /* IdentityClient.swift in Sources */,
				4AC633A8205838B0005BBE45 /* IdentityContextMessage.swift in Sources */,
				4AC633A7205838AD005BBE45 /* Event.swift in Sources */,
				4AC633A5205838A7005BBE45 /* AnalyticsEventsMessage.swift in Sources */,
				4AC633A6205838AA005BBE45 /* URLSession.swift in Sources */,
				4AC633A4205838A4005BBE45 /* AnalyticsClient.swift in Sources */,
				4AC633A120583877005BBE45 /* AnalyticsClientImpl.swift in Sources */,
			);
			runOnlyForDeploymentPostprocessing = 0;
		};
		4A9AFF1F20502E4800DC7258 /* Sources */ = {
			isa = PBXSourcesBuildPhase;
			buildActionMask = 2147483647;
			files = (
				4AC6339B205806FD005BBE45 /* IdentityContextMessage.swift in Sources */,
				4A33A73320517D710022628B /* Event.swift in Sources */,
				4A95E70A205316B700F25FC7 /* AnalyticsClientImpl.swift in Sources */,
				4A3359E42058041100BAB411 /* IdentityClient.swift in Sources */,
				4A95E70D205327CC00F25FC7 /* URLSession.swift in Sources */,
				4A95E706205315CB00F25FC7 /* AnalyticsClient.swift in Sources */,
				4A33A730205179D80022628B /* AnalyticsEventsMessage.swift in Sources */,
			);
			runOnlyForDeploymentPostprocessing = 0;
		};
/* End PBXSourcesBuildPhase section */

/* Begin PBXTargetDependency section */
		4A3359DF2056B99000BAB411 /* PBXTargetDependency */ = {
			isa = PBXTargetDependency;
			target = 4A9AFF2220502E4800DC7258 /* com-liferay-analytics-client */;
			targetProxy = 4A3359DE2056B99000BAB411 /* PBXContainerItemProxy */;
		};
/* End PBXTargetDependency section */

/* Begin XCBuildConfiguration section */
		4A3359E02056B99000BAB411 /* Debug */ = {
			isa = XCBuildConfiguration;
			buildSettings = {
				CODE_SIGN_STYLE = Automatic;
				DEVELOPMENT_TEAM = 7H3SPU5TB9;
				INFOPLIST_FILE = Tests/Info.plist;
				LD_RUNPATH_SEARCH_PATHS = "$(inherited) @executable_path/Frameworks @loader_path/Frameworks";
				PRODUCT_BUNDLE_IDENTIFIER = com.liferay.Tests;
				PRODUCT_NAME = "$(TARGET_NAME)";
				SWIFT_ACTIVE_COMPILATION_CONDITIONS = DEBUG;
				SWIFT_OPTIMIZATION_LEVEL = "-Onone";
				SWIFT_VERSION = 4.0;
				TARGETED_DEVICE_FAMILY = "1,2";
			};
			name = Debug;
		};
		4A3359E12056B99000BAB411 /* Release */ = {
			isa = XCBuildConfiguration;
			buildSettings = {
				CODE_SIGN_STYLE = Automatic;
				DEVELOPMENT_TEAM = 7H3SPU5TB9;
				INFOPLIST_FILE = Tests/Info.plist;
				LD_RUNPATH_SEARCH_PATHS = "$(inherited) @executable_path/Frameworks @loader_path/Frameworks";
				PRODUCT_BUNDLE_IDENTIFIER = com.liferay.Tests;
				PRODUCT_NAME = "$(TARGET_NAME)";
				SWIFT_OPTIMIZATION_LEVEL = "-Owholemodule";
				SWIFT_VERSION = 4.0;
				TARGETED_DEVICE_FAMILY = "1,2";
			};
			name = Release;
		};
		4A9AFF2A20502E4800DC7258 /* Debug */ = {
			isa = XCBuildConfiguration;
			buildSettings = {
				ALWAYS_SEARCH_USER_PATHS = NO;
				CLANG_ANALYZER_NONNULL = YES;
				CLANG_ANALYZER_NUMBER_OBJECT_CONVERSION = YES_AGGRESSIVE;
				CLANG_CXX_LANGUAGE_STANDARD = "gnu++14";
				CLANG_CXX_LIBRARY = "libc++";
				CLANG_ENABLE_MODULES = YES;
				CLANG_ENABLE_OBJC_ARC = YES;
				CLANG_WARN_BLOCK_CAPTURE_AUTORELEASING = YES;
				CLANG_WARN_BOOL_CONVERSION = YES;
				CLANG_WARN_COMMA = YES;
				CLANG_WARN_CONSTANT_CONVERSION = YES;
				CLANG_WARN_DIRECT_OBJC_ISA_USAGE = YES_ERROR;
				CLANG_WARN_DOCUMENTATION_COMMENTS = YES;
				CLANG_WARN_EMPTY_BODY = YES;
				CLANG_WARN_ENUM_CONVERSION = YES;
				CLANG_WARN_INFINITE_RECURSION = YES;
				CLANG_WARN_INT_CONVERSION = YES;
				CLANG_WARN_NON_LITERAL_NULL_CONVERSION = YES;
				CLANG_WARN_OBJC_LITERAL_CONVERSION = YES;
				CLANG_WARN_OBJC_ROOT_CLASS = YES_ERROR;
				CLANG_WARN_RANGE_LOOP_ANALYSIS = YES;
				CLANG_WARN_STRICT_PROTOTYPES = YES;
				CLANG_WARN_SUSPICIOUS_MOVE = YES;
				CLANG_WARN_UNGUARDED_AVAILABILITY = YES_AGGRESSIVE;
				CLANG_WARN_UNREACHABLE_CODE = YES;
				CLANG_WARN__DUPLICATE_METHOD_MATCH = YES;
				CODE_SIGN_IDENTITY = "iPhone Developer";
				COPY_PHASE_STRIP = NO;
				DEBUG_INFORMATION_FORMAT = dwarf;
				ENABLE_STRICT_OBJC_MSGSEND = YES;
				ENABLE_TESTABILITY = YES;
				GCC_C_LANGUAGE_STANDARD = gnu11;
				GCC_DYNAMIC_NO_PIC = NO;
				GCC_NO_COMMON_BLOCKS = YES;
				GCC_OPTIMIZATION_LEVEL = 0;
				GCC_PREPROCESSOR_DEFINITIONS = (
					"DEBUG=1",
					"$(inherited)",
				);
				GCC_WARN_64_TO_32_BIT_CONVERSION = YES;
				GCC_WARN_ABOUT_RETURN_TYPE = YES_ERROR;
				GCC_WARN_UNDECLARED_SELECTOR = YES;
				GCC_WARN_UNINITIALIZED_AUTOS = YES_AGGRESSIVE;
				GCC_WARN_UNUSED_FUNCTION = YES;
				GCC_WARN_UNUSED_VARIABLE = YES;
				IPHONEOS_DEPLOYMENT_TARGET = 11.2;
				MTL_ENABLE_DEBUG_INFO = YES;
				ONLY_ACTIVE_ARCH = YES;
				SDKROOT = iphoneos;
			};
			name = Debug;
		};
		4A9AFF2B20502E4800DC7258 /* Release */ = {
			isa = XCBuildConfiguration;
			buildSettings = {
				ALWAYS_SEARCH_USER_PATHS = NO;
				CLANG_ANALYZER_NONNULL = YES;
				CLANG_ANALYZER_NUMBER_OBJECT_CONVERSION = YES_AGGRESSIVE;
				CLANG_CXX_LANGUAGE_STANDARD = "gnu++14";
				CLANG_CXX_LIBRARY = "libc++";
				CLANG_ENABLE_MODULES = YES;
				CLANG_ENABLE_OBJC_ARC = YES;
				CLANG_WARN_BLOCK_CAPTURE_AUTORELEASING = YES;
				CLANG_WARN_BOOL_CONVERSION = YES;
				CLANG_WARN_COMMA = YES;
				CLANG_WARN_CONSTANT_CONVERSION = YES;
				CLANG_WARN_DIRECT_OBJC_ISA_USAGE = YES_ERROR;
				CLANG_WARN_DOCUMENTATION_COMMENTS = YES;
				CLANG_WARN_EMPTY_BODY = YES;
				CLANG_WARN_ENUM_CONVERSION = YES;
				CLANG_WARN_INFINITE_RECURSION = YES;
				CLANG_WARN_INT_CONVERSION = YES;
				CLANG_WARN_NON_LITERAL_NULL_CONVERSION = YES;
				CLANG_WARN_OBJC_LITERAL_CONVERSION = YES;
				CLANG_WARN_OBJC_ROOT_CLASS = YES_ERROR;
				CLANG_WARN_RANGE_LOOP_ANALYSIS = YES;
				CLANG_WARN_STRICT_PROTOTYPES = YES;
				CLANG_WARN_SUSPICIOUS_MOVE = YES;
				CLANG_WARN_UNGUARDED_AVAILABILITY = YES_AGGRESSIVE;
				CLANG_WARN_UNREACHABLE_CODE = YES;
				CLANG_WARN__DUPLICATE_METHOD_MATCH = YES;
				CODE_SIGN_IDENTITY = "iPhone Developer";
				COPY_PHASE_STRIP = NO;
				DEBUG_INFORMATION_FORMAT = "dwarf-with-dsym";
				ENABLE_NS_ASSERTIONS = NO;
				ENABLE_STRICT_OBJC_MSGSEND = YES;
				GCC_C_LANGUAGE_STANDARD = gnu11;
				GCC_NO_COMMON_BLOCKS = YES;
				GCC_WARN_64_TO_32_BIT_CONVERSION = YES;
				GCC_WARN_ABOUT_RETURN_TYPE = YES_ERROR;
				GCC_WARN_UNDECLARED_SELECTOR = YES;
				GCC_WARN_UNINITIALIZED_AUTOS = YES_AGGRESSIVE;
				GCC_WARN_UNUSED_FUNCTION = YES;
				GCC_WARN_UNUSED_VARIABLE = YES;
				IPHONEOS_DEPLOYMENT_TARGET = 11.2;
				MTL_ENABLE_DEBUG_INFO = NO;
				SDKROOT = iphoneos;
				VALIDATE_PRODUCT = YES;
			};
			name = Release;
		};
		4A9AFF2D20502E4800DC7258 /* Debug */ = {
			isa = XCBuildConfiguration;
			baseConfigurationReference = 9BB998709AFCA6CE66950979 /* Pods-com-liferay-analytics-client.debug.xcconfig */;
			buildSettings = {
				CLANG_ENABLE_MODULES = YES;
				CODE_SIGN_STYLE = Automatic;
				DEVELOPMENT_TEAM = 7H3SPU5TB9;
				LD_RUNPATH_SEARCH_PATHS = "$(inherited) @executable_path/Frameworks @loader_path/Frameworks";
				OTHER_LDFLAGS = "-ObjC";
				PRODUCT_NAME = "$(TARGET_NAME)";
				SKIP_INSTALL = YES;
				SWIFT_OBJC_BRIDGING_HEADER = "Source/Support Files/com-liferay-analytics-client-Bridging-Header.h";
				SWIFT_OPTIMIZATION_LEVEL = "-Onone";
				SWIFT_VERSION = 3.0;
				TARGETED_DEVICE_FAMILY = "1,2";
			};
			name = Debug;
		};
		4A9AFF2E20502E4800DC7258 /* Release */ = {
			isa = XCBuildConfiguration;
			baseConfigurationReference = EB7C34E845C5EA8B0E53EC67 /* Pods-com-liferay-analytics-client.release.xcconfig */;
			buildSettings = {
				CLANG_ENABLE_MODULES = YES;
				CODE_SIGN_STYLE = Automatic;
				DEVELOPMENT_TEAM = 7H3SPU5TB9;
				LD_RUNPATH_SEARCH_PATHS = "$(inherited) @executable_path/Frameworks @loader_path/Frameworks";
				OTHER_LDFLAGS = "-ObjC";
				PRODUCT_NAME = "$(TARGET_NAME)";
				SKIP_INSTALL = YES;
				SWIFT_OBJC_BRIDGING_HEADER = "Source/Support Files/com-liferay-analytics-client-Bridging-Header.h";
				SWIFT_VERSION = 3.0;
				TARGETED_DEVICE_FAMILY = "1,2";
			};
			name = Release;
		};
/* End XCBuildConfiguration section */

/* Begin XCConfigurationList section */
		4A3359E22056B99000BAB411 /* Build configuration list for PBXNativeTarget "Tests" */ = {
			isa = XCConfigurationList;
			buildConfigurations = (
				4A3359E02056B99000BAB411 /* Debug */,
				4A3359E12056B99000BAB411 /* Release */,
			);
			defaultConfigurationIsVisible = 0;
			defaultConfigurationName = Release;
		};
		4A9AFF1E20502E4800DC7258 /* Build configuration list for PBXProject "com-liferay-analytics-client" */ = {
			isa = XCConfigurationList;
			buildConfigurations = (
				4A9AFF2A20502E4800DC7258 /* Debug */,
				4A9AFF2B20502E4800DC7258 /* Release */,
			);
			defaultConfigurationIsVisible = 0;
			defaultConfigurationName = Release;
		};
		4A9AFF2C20502E4800DC7258 /* Build configuration list for PBXNativeTarget "com-liferay-analytics-client" */ = {
			isa = XCConfigurationList;
			buildConfigurations = (
				4A9AFF2D20502E4800DC7258 /* Debug */,
				4A9AFF2E20502E4800DC7258 /* Release */,
			);
			defaultConfigurationIsVisible = 0;
			defaultConfigurationName = Release;
		};
/* End XCConfigurationList section */
	};
	rootObject = 4A9AFF1B20502E4800DC7258 /* Project object */;
}